<?xml version="1.0" encoding="utf-8"?>
<Project ToolsVersion="4.0" xmlns="http://schemas.microsoft.com/developer/msbuild/2003">
  <ItemGroup>
    <ClCompile Include="pbr_zmh.cpp" />
    <ClCompile Include="SphereRenderer.cpp" />
    <ClCompile Include="SkyRenderer.cpp" />
    <ClCompile Include="PostProcess.cpp" />
    <ClCompile Include="Helpers.cpp" />
  </ItemGroup>
  <ItemGroup>
    <Filter Include="ResourceFiles">
      <UniqueIdentifier>{0f86a617-39f5-4b56-b21d-9952decd18e2}</UniqueIdentifier>
    </Filter>
    <Filter Include="shaders">
      <UniqueIdentifier>{535960b6-5f99-4d3c-904f-df39d35f83c5}</UniqueIdentifier>
    </Filter>
  </ItemGroup>
  <ItemGroup>
    <None Include="..\DXUT\Optional\directx.ico">
      <Filter>ResourceFiles</Filter>
    </None>
  </ItemGroup>
  <ItemGroup>
    <ResourceCompile Include="pbr_zmh.rc">
      <Filter>ResourceFiles</Filter>
    </ResourceCompile>
  </ItemGroup>
  <ItemGroup>
    <CLInclude Include="resource.h">
      <Filter>ResourceFiles</Filter>
    </CLInclude>
    <ClInclude Include="SphereRenderer.h" />
    <ClInclude Include="Precompiled.h" />
    <ClInclude Include="SkyRenderer.h" />
    <ClInclude Include="PostProcess.h" />
    <ClInclude Include="Helpers.h" />
  </ItemGroup>
  <ItemGroup>
    <FxCompile Include="shaders\pbr.fx">
      <Filter>shaders</Filter>
    </FxCompile>
  </ItemGroup>
</Project>