<?xml version="1.0" encoding="utf-8"?>
<Project ToolsVersion="4.0" xmlns="http://schemas.microsoft.com/developer/msbuild/2003">
  <ItemGroup>
    <ClCompile Include="code\pbr_zmh.cpp" />
    <ClCompile Include="code\SphereRenderer.cpp" />
    <ClCompile Include="code\SkyRenderer.cpp" />
    <ClCompile Include="code\PostProcess.cpp" />
    <ClCompile Include="code\Helpers.cpp" />
    <ClCompile Include="code\RenderTarget.cpp" />
    <ClCompile Include="code\Material.cpp" />
    <ClCompile Include="code\UI.cpp" />
    <ClCompile Include="code\SponzaRenderer.cpp" />
    <ClCompile Include="code\Model.cpp" />
    <ClCompile Include="code\EnvMapFilter.cpp" />
  </ItemGroup>
  <ItemGroup>
    <Filter Include="ResourceFiles">
      <UniqueIdentifier>{0f86a617-39f5-4b56-b21d-9952decd18e2}</UniqueIdentifier>
    </Filter>
  </ItemGroup>
  <ItemGroup>
    <None Include="..\DXUT\Optional\directx.ico">
      <Filter>ResourceFiles</Filter>
    </None>
  </ItemGroup>
  <ItemGroup>
    <ResourceCompile Include="code\pbr_zmh.rc">
      <Filter>ResourceFiles</Filter>
    </ResourceCompile>
  </ItemGroup>
  <ItemGroup>
    <CLInclude Include="code\resource.h">
      <Filter>ResourceFiles</Filter>
    </CLInclude>
    <ClInclude Include="code\SphereRenderer.h" />
    <ClInclude Include="code\Precompiled.h" />
    <ClInclude Include="code\SkyRenderer.h" />
    <ClInclude Include="code\PostProcess.h" />
    <ClInclude Include="code\Helpers.h" />
    <ClInclude Include="code\RenderTarget.h" />
    <ClInclude Include="code\Material.h" />
    <ClInclude Include="code\UI.h" />
    <ClInclude Include="code\SponzaRenderer.h" />
    <ClInclude Include="code\Model.h" />
    <ClInclude Include="code\EnvMapFilter.h" />
  </ItemGroup>
</Project>